# This file is automatically @generated by Cargo.
# It is not intended for manual editing.
version = 4

[[package]]
name = "engine-audio"
version = "0.1.0"

[[package]]
name = "engine-core"
version = "0.1.0"

[[package]]
name = "engine-ecs"
version = "0.1.0"

[[package]]
name = "engine-input"
version = "0.1.0"

[[package]]
name = "engine-math"
version = "0.1.0"

[[package]]
name = "engine-renderer"
version = "0.1.0"

[[package]]
name = "game-example"
version = "0.1.0"

[[package]]
name = "xtask"
version = "0.1.0"
